
Microsoft Visual Studio Solution File, Format Version 12.00
# Visual Studio 15
VisualStudioVersion = 15.0.28307.168
MinimumVisualStudioVersion = 10.0.40219.1
Project("{FAE04EC0-301F-11D3-BF4B-00C04F79EFBC}") = "Step1", "Step1\Step1.csproj", "{33AC7216-5B2B-41B9-A1E7-D63ABF02A00D}"
EndProject
Project("{FAE04EC0-301F-11D3-BF4B-00C04F79EFBC}") = "Step2", "Step2\Step2.csproj", "{D8F7DF33-E43C-45F6-B749-30DD8F877DCE}"
EndProject
Project("{FAE04EC0-301F-11D3-BF4B-00C04F79EFBC}") = "Step2.Tests", "Step2.Tests\Step2.Tests.csproj", "{BAB04F0D-FF44-47CE-944E-3E5FCD2B7A4F}"
EndProject
Project("{FAE04EC0-301F-11D3-BF4B-00C04F79EFBC}") = "Step3", "Step3\Step3.csproj", "{C7CD2EDA-F7E4-4ACD-AE82-6A0A95DF5EA0}"
EndProject
Global
	GlobalSection(SolutionConfigurationPlatforms) = preSolution
		Debug|Any CPU = Debug|Any CPU
		Release|Any CPU = Release|Any CPU
	EndGlobalSection
	GlobalSection(ProjectConfigurationPlatforms) = postSolution
		{33AC7216-5B2B-41B9-A1E7-D63ABF02A00D}.Debug|Any CPU.ActiveCfg = Debug|Any CPU
		{33AC7216-5B2B-41B9-A1E7-D63ABF02A00D}.Debug|Any CPU.Build.0 = Debug|Any CPU
		{33AC7216-5B2B-41B9-A1E7-D63ABF02A00D}.Release|Any CPU.ActiveCfg = Release|Any CPU
		{33AC7216-5B2B-41B9-A1E7-D63ABF02A00D}.Release|Any CPU.Build.0 = Release|Any CPU
		{D8F7DF33-E43C-45F6-B749-30DD8F877DCE}.Debug|Any CPU.ActiveCfg = Debug|Any CPU
		{D8F7DF33-E43C-45F6-B749-30DD8F877DCE}.Debug|Any CPU.Build.0 = Debug|Any CPU
		{D8F7DF33-E43C-45F6-B749-30DD8F877DCE}.Release|Any CPU.ActiveCfg = Release|Any CPU
		{D8F7DF33-E43C-45F6-B749-30DD8F877DCE}.Release|Any CPU.Build.0 = Release|Any CPU
		{BAB04F0D-FF44-47CE-944E-3E5FCD2B7A4F}.Debug|Any CPU.ActiveCfg = Debug|Any CPU
		{BAB04F0D-FF44-47CE-944E-3E5FCD2B7A4F}.Debug|Any CPU.Build.0 = Debug|Any CPU
		{BAB04F0D-FF44-47CE-944E-3E5FCD2B7A4F}.Release|Any CPU.ActiveCfg = Release|Any CPU
		{BAB04F0D-FF44-47CE-944E-3E5FCD2B7A4F}.Release|Any CPU.Build.0 = Release|Any CPU
		{C7CD2EDA-F7E4-4ACD-AE82-6A0A95DF5EA0}.Debug|Any CPU.ActiveCfg = Debug|Any CPU
		{C7CD2EDA-F7E4-4ACD-AE82-6A0A95DF5EA0}.Debug|Any CPU.Build.0 = Debug|Any CPU
		{C7CD2EDA-F7E4-4ACD-AE82-6A0A95DF5EA0}.Release|Any CPU.ActiveCfg = Release|Any CPU
		{C7CD2EDA-F7E4-4ACD-AE82-6A0A95DF5EA0}.Release|Any CPU.Build.0 = Release|Any CPU
	EndGlobalSection
	GlobalSection(SolutionProperties) = preSolution
		HideSolutionNode = FALSE
	EndGlobalSection
	GlobalSection(ExtensibilityGlobals) = postSolution
		SolutionGuid = {D6352359-75F7-43FA-B992-9ECAAF55E46B}
	EndGlobalSection
EndGlobal
